{
  "name": "hanamesh-usage",
  "version": "0.2.0-rc.9",
  "lockfileVersion": 3,
  "requires": true,
  "packages": {
    "": {
      "name": "hanamesh-usage",
      "version": "0.2.0-rc.9",
      "license": "MIT",
      "devDependencies": {
        "@deepseek-ai/cordis": "4.0.4",
        "@deepseek-ai/dsh-agent": "0.2.0-rc.2",
        "@deepseek-ai/dsh-attachment": "0.2.0-rc.2",
        "@deepseek-ai/dsh-client-connection": "0.2.0-rc.2",
        "@deepseek-ai/dsh-llm": "0.2.0-rc.2",
        "@deepseek-ai/dsh-scope": "0.2.0-rc.2",
        "@deepseek-ai/dsh-session": "0.2.0-rc.2",
        "@deepseek-ai/dsh-session-persistence": "0.2.0-rc.2",
        "@deepseek-ai/dsh-storage": "0.2.0-rc.2",
        "@deepseek-ai/dsh-storage-domain": "0.2.0-rc.2",
        "@deepseek-ai/dsh-system-prompt": "0.2.0-rc.2",
        "@deepseek-ai/schemastery": "3.18.4",
        "@types/node": "24.13.4",
        "typescript": "5.9.3",
        "zod": "4.5.4"
      },
      "engines": {
        "node": ">=24.13.1 <25"
      },
      "peerDependencies": {
        "@deepseek-ai/cordis": "4.0.4",
        "@deepseek-ai/dsh-agent": "0.2.0-rc.2",
        "@deepseek-ai/dsh-attachment": "0.2.0-rc.2",
        "@deepseek-ai/dsh-client-connection": "0.2.0-rc.2",
        "@deepseek-ai/dsh-llm": "0.2.0-rc.2",
        "@deepseek-ai/dsh-session": "0.2.0-rc.2",
        "@deepseek-ai/dsh-session-persistence": "0.2.0-rc.2",
        "@deepseek-ai/dsh-storage": "0.2.0-rc.2",
        "@deepseek-ai/dsh-storage-domain": "0.2.0-rc.2",
        "zod": "4.5.4"
      },
      "peerDependenciesMeta": {
        "@deepseek-ai/dsh-client-connection": {
          "optional": true
        }
      }
    },
    "node_modules/@deepseek-ai/cordis": {
      "version": "4.0.4",
      "resolved": "https://registry.npmjs.org/@deepseek-ai/cordis/-/cordis-4.0.4.tgz",
      "integrity": "sha512-obgyxqWAmFn3Re8kvsuUnyW+ihrz6eJCnJO4fh1cQzDtmPYz/zzVeUkH9R94I0OwSVOocK67Kgakm04j/oQXzg==",
      "dev": true,
      "license": "MIT",
      "dependencies": {
        "@deepseek-ai/cosmokit": "~1.8.5",
        "@standard-schema/spec": "^1.1.0"
      },
      "bin": {
        "cordis": "bin.js"
      },
      "peerDependencies": {
        "@deepseek-ai/cordis-plugin-include": "~1.0.9",
        "@deepseek-ai/cordis-plugin-loader": "~1.0.5"
      },
      "peerDependenciesMeta": {
        "@deepseek-ai/cordis-plugin-include": {
          "optional": true
        },
        "@deepseek-ai/cordis-plugin-loader": {
          "optional": true
        }
      }
    },
    "node_modules/@deepseek-ai/cosmokit": {
      "version": "1.8.5",
      "resolved": "https://registry.npmjs.org/@deepseek-ai/cosmokit/-/cosmokit-1.8.5.tgz",
      "integrity": "sha512-LXsrlem9z8dq4sLflj2yuCuYX7KqhdzF5hZly3eZyuTo8d6oDSOXuEgC5DbQWKW+lksm6zmOutQLsP/ma6wR6A==",
      "dev": true,
      "license": "MIT"
    },
    "node_modules/@deepseek-ai/dsh-agent": {
      "version": "0.2.0-rc.2",
      "resolved": "https://registry.npmjs.org/@deepseek-ai/dsh-agent/-/dsh-agent-0.2.0-rc.2.tgz",
      "integrity": "sha512-CUkbU+c1G0ETXkpoLkpAFo5midz66FQGtlgQOP9pzvU9H3zJQVl4H5LrhhGVbEXKLFgdbtQiOynEW8hpWn3y0Q==",
      "dev": true,
      "license": "MIT",
      "peerDependencies": {
        "@deepseek-ai/cordis": "~4.0.4",
        "@deepseek-ai/dsh-invariants": "0.2.0-rc.2",
        "@deepseek-ai/dsh-llm": "0.2.0-rc.2",
        "@deepseek-ai/dsh-scope": "0.2.0-rc.2",
        "@deepseek-ai/dsh-session": "0.2.0-rc.2",
        "@deepseek-ai/dsh-session-projection": "0.2.0-rc.2",
        "@deepseek-ai/dsh-system-prompt": "0.2.0-rc.2",
        "@deepseek-ai/dsh-typert-protocol": "0.2.0-rc.2",
        "@deepseek-ai/dsh-util-values": "0.2.0-rc.2",
        "@deepseek-ai/dsh-workspace": "0.2.0-rc.2"
      },
      "peerDependenciesMeta": {
        "@deepseek-ai/dsh-workspace": {
          "optional": true
        }
      }
    },
    "node_modules/@deepseek-ai/dsh-attachment": {
      "version": "0.2.0-rc.2",
      "resolved": "https://registry.npmjs.org/@deepseek-ai/dsh-attachment/-/dsh-attachment-0.2.0-rc.2.tgz",
      "integrity": "sha512-asUDLv+mfb30vjjlQtMI9aBnC+kmPoUxS1ooadhwAd8wssIlLetq97nzC5W1qd0GQGwZtPG/gpljVAMcSwPr1g==",
      "dev": true,
      "license": "MIT",
      "peerDependencies": {
        "@deepseek-ai/cordis": "~4.0.4",
        "@deepseek-ai/dsh-brand": "0.2.0-rc.2"
      }
    },
    "node_modules/@deepseek-ai/dsh-brand": {
      "version": "0.2.0-rc.2",
      "resolved": "https://registry.npmjs.org/@deepseek-ai/dsh-brand/-/dsh-brand-0.2.0-rc.2.tgz",
      "integrity": "sha512-A5XlN4tIgP0qObkYFhcZ7Oz/tM2oESEZqLwS0Qq+sM1ivGx6o4AMPgJdfKQlwLzqk0cMLNtAaVBHfiYoElt4lw==",
      "dev": true,
      "license": "MIT",
      "peerDependencies": {
        "@deepseek-ai/cordis": "~4.0.4"
      }
    },
    "node_modules/@deepseek-ai/dsh-client-connection": {
      "version": "0.2.0-rc.2",
      "resolved": "https://registry.npmjs.org/@deepseek-ai/dsh-client-connection/-/dsh-client-connection-0.2.0-rc.2.tgz",
      "integrity": "sha512-eL66YSZ0+HlWRzAPGU8jtCLd322WXBoMGN1g1OsM5T7Skqbbo9hSwV1FO3Lm0IcMZR3Y07sGPQBwZwf/l66T3w==",
      "dev": true,
      "license": "MIT",
      "dependencies": {
        "@deepseek-ai/dsh-credentials": "0.2.0-rc.2",
        "@deepseek-ai/schemastery": "~3.18.4",
        "zod": "^4.4.3"
      },
      "peerDependencies": {
        "@deepseek-ai/cordis": "~4.0.4",
        "@deepseek-ai/dsh-scope": "0.2.0-rc.2"
      }
    },
    "node_modules/@deepseek-ai/dsh-credentials": {
      "version": "0.2.0-rc.2",
      "resolved": "https://registry.npmjs.org/@deepseek-ai/dsh-credentials/-/dsh-credentials-0.2.0-rc.2.tgz",
      "integrity": "sha512-TQlvP0jxXYGy1ZNzh4nVsiCzb8FR9iGarD6BfIZ3LwJC8lDtjSxQHWE8//NYjpn10TIMxmaR4s6niHuJ3JkTOw==",
      "dev": true,
      "license": "MIT",
      "dependencies": {
        "@deepseek-ai/dsh-brand": "0.2.0-rc.2"
      },
      "peerDependencies": {
        "@deepseek-ai/cordis": "~4.0.4",
        "@deepseek-ai/dsh-invariants": "0.2.0-rc.2"
      }
    },
    "node_modules/@deepseek-ai/dsh-llm": {
      "version": "0.2.0-rc.2",
      "resolved": "https://registry.npmjs.org/@deepseek-ai/dsh-llm/-/dsh-llm-0.2.0-rc.2.tgz",
      "integrity": "sha512-6QFrQn/h0iNqCfPpgQidnHtLSpA99A7ZND/uYKaGSd/4BGP8KBhuRd0w63e9s4u+hfW8jc3j29WKcNLIOeUfcA==",
      "dev": true,
      "license": "MIT",
      "dependencies": {
        "@deepseek-ai/dsh-brand": "0.2.0-rc.2",
        "@deepseek-ai/dsh-timeout": "0.2.0-rc.2",
        "@deepseek-ai/dsh-typert-protocol": "0.2.0-rc.2",
        "@deepseek-ai/dsh-util-crypto": "0.2.0-rc.2",
        "@deepseek-ai/dsh-util-values": "0.2.0-rc.2",
        "@deepseek-ai/schemastery": "~3.18.4",
        "zod": "^4.4.3"
      },
      "peerDependencies": {
        "@deepseek-ai/cordis": "~4.0.4"
      }
    },
    "node_modules/@deepseek-ai/dsh-scope": {
      "version": "0.2.0-rc.2",
      "resolved": "https://registry.npmjs.org/@deepseek-ai/dsh-scope/-/dsh-scope-0.2.0-rc.2.tgz",
      "integrity": "sha512-066p7Wv74GNWt4xA5Cyvl+7c/i9KrNEDALYh2/hu0VsJPLb4T9He+TY7y1bld9OgungmqyTy1n/cB2ZrVskvxA==",
      "dev": true,
      "license": "MIT",
      "peerDependencies": {
        "@deepseek-ai/cordis": "~4.0.4",
        "@deepseek-ai/dsh-invariants": "0.2.0-rc.2"
      }
    },
    "node_modules/@deepseek-ai/dsh-session": {
      "version": "0.2.0-rc.2",
      "resolved": "https://registry.npmjs.org/@deepseek-ai/dsh-session/-/dsh-session-0.2.0-rc.2.tgz",
      "integrity": "sha512-wj+6MeqCYbDcbEvKH3puHyEGdjyu51JwBoN6Ua2tz6griLufDgLM5HpSU40L5xgpbOfrYVhXZs4vRgOrMlFY2g==",
      "dev": true,
      "license": "MIT",
      "dependencies": {
        "@deepseek-ai/dsh-brand": "0.2.0-rc.2",
        "@deepseek-ai/dsh-llm": "0.2.0-rc.2",
        "@deepseek-ai/dsh-util-values": "0.2.0-rc.2"
      },
      "peerDependencies": {
        "@deepseek-ai/cordis": "~4.0.4",
        "@deepseek-ai/dsh-scope": "0.2.0-rc.2"
      }
    },
    "node_modules/@deepseek-ai/dsh-session-persistence": {
      "version": "0.2.0-rc.2",
      "resolved": "https://registry.npmjs.org/@deepseek-ai/dsh-session-persistence/-/dsh-session-persistence-0.2.0-rc.2.tgz",
      "integrity": "sha512-2OoRHZYWi5Vy0+1bPU37Y/NTh6uQiZ3VdpvDmW1oCgsapQr2JS/Lbody1gXOMJ1KXglCSLmePgTMC00uKw/UIg==",
      "dev": true,
      "license": "MIT",
      "dependencies": {
        "@deepseek-ai/dsh-util-values": "0.2.0-rc.2"
      },
      "peerDependencies": {
        "@deepseek-ai/cordis": "~4.0.4",
        "@deepseek-ai/dsh-brand": "0.2.0-rc.2",
        "@deepseek-ai/dsh-session": "0.2.0-rc.2",
        "@deepseek-ai/dsh-timeout": "0.2.0-rc.2"
      }
    },
    "node_modules/@deepseek-ai/dsh-storage": {
      "version": "0.2.0-rc.2",
      "resolved": "https://registry.npmjs.org/@deepseek-ai/dsh-storage/-/dsh-storage-0.2.0-rc.2.tgz",
      "integrity": "sha512-tItvFJ1IAurwmZfBdrr8w+GuyLADZXZ01bos06Ma0QmD3+0NNyvo0E9qmYb54TfJ2h5yvRcFosHO1048gzuPPw==",
      "dev": true,
      "license": "MIT",
      "peerDependencies": {
        "@deepseek-ai/cordis": "~4.0.4"
      }
    },
    "node_modules/@deepseek-ai/dsh-storage-domain": {
      "version": "0.2.0-rc.2",
      "resolved": "https://registry.npmjs.org/@deepseek-ai/dsh-storage-domain/-/dsh-storage-domain-0.2.0-rc.2.tgz",
      "integrity": "sha512-GHHphcdLUNnFBPY1QOfE3dg6yKenIxB5wpgSNghZ7iG+Ifunwj4tyRUZ6YLKvni3HO9Kog1eIdXlUa9yEux39A==",
      "dev": true,
      "license": "MIT",
      "dependencies": {
        "@deepseek-ai/schemastery": "~3.18.4",
        "zod": "^4.4.3"
      },
      "peerDependencies": {
        "@deepseek-ai/cordis": "~4.0.4",
        "@deepseek-ai/dsh-invariants": "0.2.0-rc.2",
        "@deepseek-ai/dsh-storage": "0.2.0-rc.2"
      }
    },
    "node_modules/@deepseek-ai/dsh-system-prompt": {
      "version": "0.2.0-rc.2",
      "resolved": "https://registry.npmjs.org/@deepseek-ai/dsh-system-prompt/-/dsh-system-prompt-0.2.0-rc.2.tgz",
      "integrity": "sha512-ZZNk2gkXFV8CIT0IOZXS+pFaxNVJaRknYyH2vc4ZgZAiHKT+RqUYNr8e1F5Kp0AaN0DNlcTkjOGP5MCxeXfDjg==",
      "dev": true,
      "license": "MIT",
      "dependencies": {
        "@deepseek-ai/schemastery": "~3.18.4"
      },
      "peerDependencies": {
        "@deepseek-ai/cordis": "~4.0.4",
        "@deepseek-ai/dsh-invariants": "0.2.0-rc.2",
        "@deepseek-ai/dsh-llm": "0.2.0-rc.2",
        "@deepseek-ai/dsh-scope": "0.2.0-rc.2"
      }
    },
    "node_modules/@deepseek-ai/dsh-timeout": {
      "version": "0.2.0-rc.2",
      "resolved": "https://registry.npmjs.org/@deepseek-ai/dsh-timeout/-/dsh-timeout-0.2.0-rc.2.tgz",
      "integrity": "sha512-NDob8b8DJDB/sDPz3P7xhrkxOh1O9FbN1EZRKsxP4fuTfp4hrQU7aekYS5qZENFKoR8dBJMTh/zcEBw4m31glQ==",
      "dev": true,
      "license": "MIT",
      "peerDependencies": {
        "@deepseek-ai/cordis": "~4.0.4"
      }
    },
    "node_modules/@deepseek-ai/dsh-typert-protocol": {
      "version": "0.2.0-rc.2",
      "resolved": "https://registry.npmjs.org/@deepseek-ai/dsh-typert-protocol/-/dsh-typert-protocol-0.2.0-rc.2.tgz",
      "integrity": "sha512-95RvIDcVac2BWdv1IxN6yKlRV+8eEvkofqSxV+d0r8x1kx2EIWEsbdxz6C+coYIm+8e03MiN+rwOt8J7sLfe7Q==",
      "dev": true,
      "license": "MIT",
      "dependencies": {
        "@deepseek-ai/dsh-brand": "0.2.0-rc.2"
      },
      "peerDependencies": {
        "@deepseek-ai/cordis": "~4.0.4"
      }
    },
    "node_modules/@deepseek-ai/dsh-util-crypto": {
      "version": "0.2.0-rc.2",
      "resolved": "https://registry.npmjs.org/@deepseek-ai/dsh-util-crypto/-/dsh-util-crypto-0.2.0-rc.2.tgz",
      "integrity": "sha512-5OvvmepY69uXTagUMlnoHqg7euI4ZMifLgfdV8xZO20OslWGGiRCkJbZRyDtcJG9GsXWz9UimfWmUu52zKXJ5w==",
      "dev": true,
      "license": "MIT",
      "peerDependencies": {
        "@deepseek-ai/cordis": "~4.0.4"
      }
    },
    "node_modules/@deepseek-ai/dsh-util-values": {
      "version": "0.2.0-rc.2",
      "resolved": "https://registry.npmjs.org/@deepseek-ai/dsh-util-values/-/dsh-util-values-0.2.0-rc.2.tgz",
      "integrity": "sha512-qgpsbgiZABuE9UvgNaVo9b2HiWwLeU93CTl9PFXqE0jN8ap1ALxzQsLGvr/q2MJuWDYqnFBg60XnqnY8ZxPWEg==",
      "dev": true,
      "license": "MIT",
      "peerDependencies": {
        "@deepseek-ai/cordis": "~4.0.4"
      }
    },
    "node_modules/@deepseek-ai/schemastery": {
      "version": "3.18.4",
      "resolved": "https://registry.npmjs.org/@deepseek-ai/schemastery/-/schemastery-3.18.4.tgz",
      "integrity": "sha512-SSXO6tYuyrIqKVbmOnIq0s+riUywYzouFMcnBluHF9n4KMo2G8HvEzhCYj6pj2617/glOjbJuVInJ9hfONsjkg==",
      "dev": true,
      "license": "MIT",
      "dependencies": {
        "@deepseek-ai/cosmokit": "~1.8.5",
        "@standard-schema/spec": "^1.1.0"
      }
    },
    "node_modules/@standard-schema/spec": {
      "version": "1.1.0",
      "resolved": "https://registry.npmjs.org/@standard-schema/spec/-/spec-1.1.0.tgz",
      "integrity": "sha512-l2aFy5jALhniG5HgqrD6jXLi/rUWrKvqN/qJx6yoJsgKhblVd+iqqU4RCXavm/jPityDo5TCvKMnpjKnOriy0w==",
      "dev": true,
      "license": "MIT"
    },
    "node_modules/@types/node": {
      "version": "24.13.4",
      "resolved": "https://registry.npmjs.org/@types/node/-/node-24.13.4.tgz",
      "integrity": "sha512-YJ7EqCstVTzIr0fMr7qul/977en+pQHrfmuKIo6Zr9i75Be21dr3MovcfvGtyvi2HAUrRerWps5sMO9I7WaxDw==",
      "dev": true,
      "license": "MIT",
      "dependencies": {
        "undici-types": "~7.18.0"
      }
    },
    "node_modules/typescript": {
      "version": "5.9.3",
      "resolved": "https://registry.npmjs.org/typescript/-/typescript-5.9.3.tgz",
      "integrity": "sha512-jl1vZzPDinLr9eUt3J/t7V6FgNEw9QjvBPdysz9KfQDD41fQrC2Y4vKQdiaUpFT4bXlb1RHhLpp8wtm6M5TgSw==",
      "dev": true,
      "license": "Apache-2.0",
      "bin": {
        "tsc": "bin/tsc",
        "tsserver": "bin/tsserver"
      },
      "engines": {
        "node": ">=14.17"
      }
    },
    "node_modules/undici-types": {
      "version": "7.18.2",
      "resolved": "https://registry.npmjs.org/undici-types/-/undici-types-7.18.2.tgz",
      "integrity": "sha512-AsuCzffGHJybSaRrmr5eHr81mwJU3kjw6M+uprWvCXiNeN9SOGwQ3Jn8jb8m3Z6izVgknn1R0FTCEAP2QrLY/w==",
      "dev": true,
      "license": "MIT"
    },
    "node_modules/zod": {
      "version": "4.5.4",
      "resolved": "https://registry.npmjs.org/zod/-/zod-4.5.4.tgz",
      "integrity": "sha512-sC95tT5iHHH9gtpj6A81kh+NEaRAUFN+qlUPDUbRfOMvNf5QCBqsb3WgvnpVtK5Y+4UfA6KqufotuTvMGiTlsA==",
      "dev": true,
      "license": "MIT",
      "funding": {
        "url": "https://github.com/sponsors/colinhacks"
      }
    }
  }
}
