lockfileVersion: '9.0'

settings:
  autoInstallPeers: false
  excludeLinksFromLockfile: false

importers:

  .:
    dependencies:
      hanamesh-core:
        specifier: file:/Users/yzliu/.cache/hanamesh-runs/P04-USAGE-INT-01/real-bind-6a684752-46c0-4e50-9a31-8b537effdc60/supply/hanamesh-core-0.2.0-rc.56.tgz
        version: file:../../../supply/hanamesh-core-0.2.0-rc.56.tgz
      hanamesh-usage:
        specifier: file:/Users/yzliu/.cache/hanamesh-runs/P04-USAGE-INT-01/real-bind-6a684752-46c0-4e50-9a31-8b537effdc60/supply/hanamesh-usage-0.2.0-rc.17.tgz
        version: file:../../../supply/hanamesh-usage-0.2.0-rc.17.tgz

packages:

  hanamesh-core@file:../../../supply/hanamesh-core-0.2.0-rc.56.tgz:
    resolution: {integrity: sha512-vAagWV2zxlzSmxIV613jNAIbtKKZoePsx775d0hdF9PrkTmccLbXwES2hN9BE4HwVDObNrEj6ifkmQ4TlIpFlg==, tarball: file:../../../supply/hanamesh-core-0.2.0-rc.56.tgz}
    version: 0.2.0-rc.56
    engines: {node: 24.13.1}
    hasBin: true
    peerDependencies:
      '@deepseek-ai/cordis': 4.0.4
      '@deepseek-ai/dsh-client-connection': 0.2.0-rc.2
      '@deepseek-ai/dsh-client-ui-settings': 0.2.0-rc.2
      '@deepseek-ai/dsh-client-ui-sidebar': 0.2.0-rc.2
      '@deepseek-ai/dsh-storage-domain': 0.2.0-rc.2
      '@hanamesh/devkit': 0.1.0-rc.1
      react: 18.3.1
      zod: 4.5.4
    peerDependenciesMeta:
      '@hanamesh/devkit':
        optional: true

  hanamesh-usage@file:../../../supply/hanamesh-usage-0.2.0-rc.17.tgz:
    resolution: {integrity: sha512-bWs0RpDqLZfrhl8prQdka/T0LBLSwIDuZ3rBNSffH5UXjIVPC509Xu5z7eYsH+TIA/ms9ev2aZgH+XDSkkKTwQ==, tarball: file:../../../supply/hanamesh-usage-0.2.0-rc.17.tgz}
    version: 0.2.0-rc.17
    engines: {node: '>=24.13.1 <25'}
    peerDependencies:
      '@deepseek-ai/cordis': 4.0.4
      '@deepseek-ai/dsh-agent': 0.2.0-rc.2
      '@deepseek-ai/dsh-attachment': 0.2.0-rc.2
      '@deepseek-ai/dsh-client-connection': 0.2.0-rc.2
      '@deepseek-ai/dsh-llm': 0.2.0-rc.2
      '@deepseek-ai/dsh-session': 0.2.0-rc.2
      '@deepseek-ai/dsh-session-persistence': 0.2.0-rc.2
      '@deepseek-ai/dsh-storage': 0.2.0-rc.2
      '@deepseek-ai/dsh-storage-domain': 0.2.0-rc.2
      zod: 4.5.4
    peerDependenciesMeta:
      '@deepseek-ai/dsh-client-connection':
        optional: true

snapshots:

  hanamesh-core@file:../../../supply/hanamesh-core-0.2.0-rc.56.tgz: {}

  hanamesh-usage@file:../../../supply/hanamesh-usage-0.2.0-rc.17.tgz: {}
